
Microsoft Visual Studio Solution File, Format Version 12.00
# Visual Studio Version 16
VisualStudioVersion = 16.0.31727.386
MinimumVisualStudioVersion = 10.0.40219.1
Project("{FAE04EC0-301F-11D3-BF4B-00C04F79EFBC}") = "Calus_Mario_GymMobileApp.Android", "Calus_Mario_GymMobileApp.Android\Calus_Mario_GymMobileApp.Android.csproj", "{A8E976E1-C22A-4BE1-BF31-344B4D5C9F09}"
EndProject
Project("{FAE04EC0-301F-11D3-BF4B-00C04F79EFBC}") = "Calus_Mario_GymMobileApp.iOS", "Calus_Mario_GymMobileApp.iOS\Calus_Mario_GymMobileApp.iOS.csproj", "{73FF6EF4-5DE5-4DBB-BD27-F9847B8B5A23}"
EndProject
Project("{FAE04EC0-301F-11D3-BF4B-00C04F79EFBC}") = "Calus_Mario_GymMobileApp", "Calus_Mario_GymMobileApp\Calus_Mario_GymMobileApp.csproj", "{E409E2CC-40E7-4FFA-816C-5B9904EDCA7E}"
EndProject
Global
	GlobalSection(SolutionConfigurationPlatforms) = preSolution
		Debug|Any CPU = Debug|Any CPU
		Debug|iPhone = Debug|iPhone
		Debug|iPhoneSimulator = Debug|iPhoneSimulator
		Release|Any CPU = Release|Any CPU
		Release|iPhone = Release|iPhone
		Release|iPhoneSimulator = Release|iPhoneSimulator
	EndGlobalSection
	GlobalSection(ProjectConfigurationPlatforms) = postSolution
		{A8E976E1-C22A-4BE1-BF31-344B4D5C9F09}.Debug|Any CPU.ActiveCfg = Debug|Any CPU
		{A8E976E1-C22A-4BE1-BF31-344B4D5C9F09}.Debug|Any CPU.Build.0 = Debug|Any CPU
		{A8E976E1-C22A-4BE1-BF31-344B4D5C9F09}.Debug|Any CPU.Deploy.0 = Debug|Any CPU
		{A8E976E1-C22A-4BE1-BF31-344B4D5C9F09}.Debug|iPhone.ActiveCfg = Debug|Any CPU
		{A8E976E1-C22A-4BE1-BF31-344B4D5C9F09}.Debug|iPhone.Build.0 = Debug|Any CPU
		{A8E976E1-C22A-4BE1-BF31-344B4D5C9F09}.Debug|iPhone.Deploy.0 = Debug|Any CPU
		{A8E976E1-C22A-4BE1-BF31-344B4D5C9F09}.Debug|iPhoneSimulator.ActiveCfg = Debug|Any CPU
		{A8E976E1-C22A-4BE1-BF31-344B4D5C9F09}.Debug|iPhoneSimulator.Build.0 = Debug|Any CPU
		{A8E976E1-C22A-4BE1-BF31-344B4D5C9F09}.Debug|iPhoneSimulator.Deploy.0 = Debug|Any CPU
		{A8E976E1-C22A-4BE1-BF31-344B4D5C9F09}.Release|Any CPU.ActiveCfg = Release|Any CPU
		{A8E976E1-C22A-4BE1-BF31-344B4D5C9F09}.Release|Any CPU.Build.0 = Release|Any CPU
		{A8E976E1-C22A-4BE1-BF31-344B4D5C9F09}.Release|Any CPU.Deploy.0 = Release|Any CPU
		{A8E976E1-C22A-4BE1-BF31-344B4D5C9F09}.Release|iPhone.ActiveCfg = Release|Any CPU
		{A8E976E1-C22A-4BE1-BF31-344B4D5C9F09}.Release|iPhone.Build.0 = Release|Any CPU
		{A8E976E1-C22A-4BE1-BF31-344B4D5C9F09}.Release|iPhone.Deploy.0 = Release|Any CPU
		{A8E976E1-C22A-4BE1-BF31-344B4D5C9F09}.Release|iPhoneSimulator.ActiveCfg = Release|Any CPU
		{A8E976E1-C22A-4BE1-BF31-344B4D5C9F09}.Release|iPhoneSimulator.Build.0 = Release|Any CPU
		{A8E976E1-C22A-4BE1-BF31-344B4D5C9F09}.Release|iPhoneSimulator.Deploy.0 = Release|Any CPU
		{73FF6EF4-5DE5-4DBB-BD27-F9847B8B5A23}.Debug|Any CPU.ActiveCfg = Debug|iPhone
		{73FF6EF4-5DE5-4DBB-BD27-F9847B8B5A23}.Debug|Any CPU.Build.0 = Debug|iPhone
		{73FF6EF4-5DE5-4DBB-BD27-F9847B8B5A23}.Debug|Any CPU.Deploy.0 = Debug|iPhone
		{73FF6EF4-5DE5-4DBB-BD27-F9847B8B5A23}.Debug|iPhone.ActiveCfg = Debug|iPhone
		{73FF6EF4-5DE5-4DBB-BD27-F9847B8B5A23}.Debug|iPhone.Build.0 = Debug|iPhone
		{73FF6EF4-5DE5-4DBB-BD27-F9847B8B5A23}.Debug|iPhone.Deploy.0 = Debug|iPhone
		{73FF6EF4-5DE5-4DBB-BD27-F9847B8B5A23}.Debug|iPhoneSimulator.ActiveCfg = Debug|iPhoneSimulator
		{73FF6EF4-5DE5-4DBB-BD27-F9847B8B5A23}.Debug|iPhoneSimulator.Build.0 = Debug|iPhoneSimulator
		{73FF6EF4-5DE5-4DBB-BD27-F9847B8B5A23}.Debug|iPhoneSimulator.Deploy.0 = Debug|iPhoneSimulator
		{73FF6EF4-5DE5-4DBB-BD27-F9847B8B5A23}.Release|Any CPU.ActiveCfg = Release|iPhoneSimulator
		{73FF6EF4-5DE5-4DBB-BD27-F9847B8B5A23}.Release|Any CPU.Build.0 = Release|iPhoneSimulator
		{73FF6EF4-5DE5-4DBB-BD27-F9847B8B5A23}.Release|Any CPU.Deploy.0 = Release|iPhoneSimulator
		{73FF6EF4-5DE5-4DBB-BD27-F9847B8B5A23}.Release|iPhone.ActiveCfg = Release|iPhone
		{73FF6EF4-5DE5-4DBB-BD27-F9847B8B5A23}.Release|iPhone.Build.0 = Release|iPhone
		{73FF6EF4-5DE5-4DBB-BD27-F9847B8B5A23}.Release|iPhone.Deploy.0 = Release|iPhone
		{73FF6EF4-5DE5-4DBB-BD27-F9847B8B5A23}.Release|iPhoneSimulator.ActiveCfg = Release|iPhoneSimulator
		{73FF6EF4-5DE5-4DBB-BD27-F9847B8B5A23}.Release|iPhoneSimulator.Build.0 = Release|iPhoneSimulator
		{73FF6EF4-5DE5-4DBB-BD27-F9847B8B5A23}.Release|iPhoneSimulator.Deploy.0 = Release|iPhoneSimulator
		{E409E2CC-40E7-4FFA-816C-5B9904EDCA7E}.Debug|Any CPU.ActiveCfg = Debug|Any CPU
		{E409E2CC-40E7-4FFA-816C-5B9904EDCA7E}.Debug|Any CPU.Build.0 = Debug|Any CPU
		{E409E2CC-40E7-4FFA-816C-5B9904EDCA7E}.Debug|Any CPU.Deploy.0 = Debug|Any CPU
		{E409E2CC-40E7-4FFA-816C-5B9904EDCA7E}.Debug|iPhone.ActiveCfg = Debug|Any CPU
		{E409E2CC-40E7-4FFA-816C-5B9904EDCA7E}.Debug|iPhone.Build.0 = Debug|Any CPU
		{E409E2CC-40E7-4FFA-816C-5B9904EDCA7E}.Debug|iPhone.Deploy.0 = Debug|Any CPU
		{E409E2CC-40E7-4FFA-816C-5B9904EDCA7E}.Debug|iPhoneSimulator.ActiveCfg = Debug|Any CPU
		{E409E2CC-40E7-4FFA-816C-5B9904EDCA7E}.Debug|iPhoneSimulator.Build.0 = Debug|Any CPU
		{E409E2CC-40E7-4FFA-816C-5B9904EDCA7E}.Debug|iPhoneSimulator.Deploy.0 = Debug|Any CPU
		{E409E2CC-40E7-4FFA-816C-5B9904EDCA7E}.Release|Any CPU.ActiveCfg = Release|Any CPU
		{E409E2CC-40E7-4FFA-816C-5B9904EDCA7E}.Release|Any CPU.Build.0 = Release|Any CPU
		{E409E2CC-40E7-4FFA-816C-5B9904EDCA7E}.Release|Any CPU.Deploy.0 = Release|Any CPU
		{E409E2CC-40E7-4FFA-816C-5B9904EDCA7E}.Release|iPhone.ActiveCfg = Release|Any CPU
		{E409E2CC-40E7-4FFA-816C-5B9904EDCA7E}.Release|iPhone.Build.0 = Release|Any CPU
		{E409E2CC-40E7-4FFA-816C-5B9904EDCA7E}.Release|iPhone.Deploy.0 = Release|Any CPU
		{E409E2CC-40E7-4FFA-816C-5B9904EDCA7E}.Release|iPhoneSimulator.ActiveCfg = Release|Any CPU
		{E409E2CC-40E7-4FFA-816C-5B9904EDCA7E}.Release|iPhoneSimulator.Build.0 = Release|Any CPU
		{E409E2CC-40E7-4FFA-816C-5B9904EDCA7E}.Release|iPhoneSimulator.Deploy.0 = Release|Any CPU
	EndGlobalSection
	GlobalSection(SolutionProperties) = preSolution
		HideSolutionNode = FALSE
	EndGlobalSection
	GlobalSection(ExtensibilityGlobals) = postSolution
		SolutionGuid = {8E0C09AB-FCE9-4CED-BE10-B16C8E2875BF}
	EndGlobalSection
EndGlobal
